<?xml version="1.0" encoding="utf-8"?>
<Project ToolsVersion="4.0" xmlns="http://schemas.microsoft.com/developer/msbuild/2003">
  <ItemGroup>
    <Filter Include="implementation">
      <UniqueIdentifier>{3e04b571-6457-4fed-9585-c04db3e63e4c}</UniqueIdentifier>
    </Filter>
    <Filter Include="interface">
      <UniqueIdentifier>{a3343506-94f1-46f6-abb8-1104e2c34473}</UniqueIdentifier>
    </Filter>
    <Filter Include="test">
      <UniqueIdentifier>{291b16f4-3352-46c0-b369-d0a19f374af6}</UniqueIdentifier>
    </Filter>
    <Filter Include="implementation\Assembly">
      <UniqueIdentifier>{ac4df071-16b8-4624-a321-1f313775db79}</UniqueIdentifier>
    </Filter>
  </ItemGroup>
  <ItemGroup>
    <ClInclude Include="interface\AsyncReturnValueWrapper.h">
      <Filter>interface</Filter>
    </ClInclude>
    <ClInclude Include="interface\Config.h">
      <Filter>interface</Filter>
    </ClInclude>
    <ClInclude Include="interface\RefCountedObject.h">
      <Filter>interface</Filter>
    </ClInclude>
    <ClInclude Include="interface\Task.h">
      <Filter>interface</Filter>
    </ClInclude>
    <ClInclude Include="interface\TaskParameters.h">
      <Filter>interface</Filter>
    </ClInclude>
    <ClInclude Include="interface\TaskParameterUnmounter.h">
      <Filter>interface</Filter>
    </ClInclude>
    <ClInclude Include="interface\TaskScheduler.h">
      <Filter>interface</Filter>
    </ClInclude>
    <ClInclude Include="stdafx.h" />
    <ClInclude Include="implementation\CommonHeaders.h">
      <Filter>implementation</Filter>
    </ClInclude>
    <ClInclude Include="interface\Utilities.h">
      <Filter>interface</Filter>
    </ClInclude>
    <ClInclude Include="implementation\WinAPI.h">
      <Filter>implementation</Filter>
    </ClInclude>
    <ClInclude Include="implementation\Allocator.h">
      <Filter>implementation</Filter>
    </ClInclude>
    <ClInclude Include="implementation\LockFreeRingBuffer.h">
      <Filter>implementation</Filter>
    </ClInclude>
    <ClInclude Include="implementation\Fiber.h">
      <Filter>implementation</Filter>
    </ClInclude>
    <ClInclude Include="implementation\FiberEntry.h">
      <Filter>implementation</Filter>
    </ClInclude>
    <ClInclude Include="implementation\FiberPool.h">
      <Filter>implementation</Filter>
    </ClInclude>
    <ClInclude Include="implementation\FiberPoolInternal.h">
      <Filter>implementation</Filter>
    </ClInclude>
    <ClInclude Include="implementation\ThreadEntry.h">
      <Filter>implementation</Filter>
    </ClInclude>
    <ClInclude Include="implementation\ThreadPool.h">
      <Filter>implementation</Filter>
    </ClInclude>
  </ItemGroup>
  <ItemGroup>
    <ClCompile Include="test\main.cpp">
      <Filter>test</Filter>
    </ClCompile>
    <ClCompile Include="implementation\stdafx.cpp">
      <Filter>implementation</Filter>
    </ClCompile>
    <ClCompile Include="implementation\Fiber.cpp">
      <Filter>implementation</Filter>
    </ClCompile>
    <ClCompile Include="implementation\FiberEntry.cpp">
      <Filter>implementation</Filter>
    </ClCompile>
    <ClCompile Include="implementation\FiberPool.cpp">
      <Filter>implementation</Filter>
    </ClCompile>
    <ClCompile Include="implementation\Task.cpp">
      <Filter>implementation</Filter>
    </ClCompile>
    <ClCompile Include="implementation\TaskScheduler.cpp">
      <Filter>implementation</Filter>
    </ClCompile>
    <ClCompile Include="implementation\ThreadEntry.cpp">
      <Filter>implementation</Filter>
    </ClCompile>
    <ClCompile Include="implementation\ThreadPool.cpp">
      <Filter>implementation</Filter>
    </ClCompile>
  </ItemGroup>
  <ItemGroup>
    <MASM Include="implementation\Assembly\SwitchToFocusFiber.asm">
      <Filter>implementation\Assembly</Filter>
    </MASM>
    <MASM Include="implementation\Assembly\SwitchToFocusFiberAndSavePrevious.asm">
      <Filter>implementation\Assembly</Filter>
    </MASM>
    <MASM Include="implementation\Assembly\Yield.asm">
      <Filter>implementation\Assembly</Filter>
    </MASM>
  </ItemGroup>
  <ItemGroup>
    <Natvis Include="interface\RefCountedObject.natvis">
      <Filter>interface</Filter>
    </Natvis>
  </ItemGroup>
</Project>